
Microsoft Visual Studio Solution File, Format Version 11.00
# Visual Studio 2010
Project("{FAE04EC0-301F-11D3-BF4B-00C04F79EFBC}") = "CGI-Utilities.UI", "CGI-Utilities.UI\CGI-Utilities.UI.csproj", "{B72F761B-E032-48B2-9EB1-5BD9BDD5DC47}"
EndProject
Project("{FAE04EC0-301F-11D3-BF4B-00C04F79EFBC}") = "Word Extractor", "Word Extractor\Word Extractor.csproj", "{A121C9B2-C619-4B51-A249-14C82CCD8664}"
EndProject
Global
	GlobalSection(SolutionConfigurationPlatforms) = preSolution
		Debug|Any CPU = Debug|Any CPU
		Debug|Mixed Platforms = Debug|Mixed Platforms
		Debug|x86 = Debug|x86
		Release|Any CPU = Release|Any CPU
		Release|Mixed Platforms = Release|Mixed Platforms
		Release|x86 = Release|x86
	EndGlobalSection
	GlobalSection(ProjectConfigurationPlatforms) = postSolution
		{B72F761B-E032-48B2-9EB1-5BD9BDD5DC47}.Debug|Any CPU.ActiveCfg = Debug|x86
		{B72F761B-E032-48B2-9EB1-5BD9BDD5DC47}.Debug|Mixed Platforms.ActiveCfg = Debug|x86
		{B72F761B-E032-48B2-9EB1-5BD9BDD5DC47}.Debug|Mixed Platforms.Build.0 = Debug|x86
		{B72F761B-E032-48B2-9EB1-5BD9BDD5DC47}.Debug|x86.ActiveCfg = Debug|x86
		{B72F761B-E032-48B2-9EB1-5BD9BDD5DC47}.Debug|x86.Build.0 = Debug|x86
		{B72F761B-E032-48B2-9EB1-5BD9BDD5DC47}.Release|Any CPU.ActiveCfg = Release|x86
		{B72F761B-E032-48B2-9EB1-5BD9BDD5DC47}.Release|Mixed Platforms.ActiveCfg = Release|x86
		{B72F761B-E032-48B2-9EB1-5BD9BDD5DC47}.Release|Mixed Platforms.Build.0 = Release|x86
		{B72F761B-E032-48B2-9EB1-5BD9BDD5DC47}.Release|x86.ActiveCfg = Release|x86
		{B72F761B-E032-48B2-9EB1-5BD9BDD5DC47}.Release|x86.Build.0 = Release|x86
		{A121C9B2-C619-4B51-A249-14C82CCD8664}.Debug|Any CPU.ActiveCfg = Debug|Any CPU
		{A121C9B2-C619-4B51-A249-14C82CCD8664}.Debug|Any CPU.Build.0 = Debug|Any CPU
		{A121C9B2-C619-4B51-A249-14C82CCD8664}.Debug|Mixed Platforms.ActiveCfg = Debug|Any CPU
		{A121C9B2-C619-4B51-A249-14C82CCD8664}.Debug|Mixed Platforms.Build.0 = Debug|Any CPU
		{A121C9B2-C619-4B51-A249-14C82CCD8664}.Debug|x86.ActiveCfg = Debug|Any CPU
		{A121C9B2-C619-4B51-A249-14C82CCD8664}.Release|Any CPU.ActiveCfg = Release|Any CPU
		{A121C9B2-C619-4B51-A249-14C82CCD8664}.Release|Any CPU.Build.0 = Release|Any CPU
		{A121C9B2-C619-4B51-A249-14C82CCD8664}.Release|Mixed Platforms.ActiveCfg = Release|Any CPU
		{A121C9B2-C619-4B51-A249-14C82CCD8664}.Release|Mixed Platforms.Build.0 = Release|Any CPU
		{A121C9B2-C619-4B51-A249-14C82CCD8664}.Release|x86.ActiveCfg = Release|Any CPU
	EndGlobalSection
	GlobalSection(SolutionProperties) = preSolution
		HideSolutionNode = FALSE
	EndGlobalSection
EndGlobal
